// !$*UTF8*$!
{
	archiveVersion = 1;
	classes = {
	};
	objectVersion = 50;
	objects = {

/* Begin PBXBuildFile section */
		0E241F7622145E8000172924 /* AppDelegate.swift in Sources */ = {isa = PBXBuildFile; fileRef = 0E241F7522145E8000172924 /* AppDelegate.swift */; };
		0E241F7D22145E8200172924 /* Assets.xcassets in Resources */ = {isa = PBXBuildFile; fileRef = 0E241F7C22145E8200172924 /* Assets.xcassets */; };
		0E241F8022145E8200172924 /* LaunchScreen.storyboard in Resources */ = {isa = PBXBuildFile; fileRef = 0E241F7E22145E8200172924 /* LaunchScreen.storyboard */; };
		0E241F9822145EF000172924 /* Podfile in Resources */ = {isa = PBXBuildFile; fileRef = 0E241F9722145EF000172924 /* Podfile */; };
		0E241F9E22146C8200172924 /* Coordinator.swift in Sources */ = {isa = PBXBuildFile; fileRef = 0E241F9D22146C8200172924 /* Coordinator.swift */; };
		0E241FA3221480C700172924 /* MainCoordinator.swift in Sources */ = {isa = PBXBuildFile; fileRef = 0E241FA2221480C700172924 /* MainCoordinator.swift */; };
		0E241FA5221481E300172924 /* PostListViewController.swift in Sources */ = {isa = PBXBuildFile; fileRef = 0E241FA4221481E300172924 /* PostListViewController.swift */; };
		0E241FA7221481F500172924 /* PostListViewController.xib in Resources */ = {isa = PBXBuildFile; fileRef = 0E241FA6221481F500172924 /* PostListViewController.xib */; };
		0E241FA92214840F00172924 /* PostListViewModel.swift in Sources */ = {isa = PBXBuildFile; fileRef = 0E241FA82214840F00172924 /* PostListViewModel.swift */; };
		0E241FAB2214847E00172924 /* AsyncState.swift in Sources */ = {isa = PBXBuildFile; fileRef = 0E241FAA2214847E00172924 /* AsyncState.swift */; };
		0E241FB0221484EF00172924 /* Result.swift in Sources */ = {isa = PBXBuildFile; fileRef = 0E241FAF221484EF00172924 /* Result.swift */; };
		0E241FB4221488FE00172924 /* PostModel.swift in Sources */ = {isa = PBXBuildFile; fileRef = 0E241FB3221488FE00172924 /* PostModel.swift */; };
		0E241FB82214899500172924 /* Resource.swift in Sources */ = {isa = PBXBuildFile; fileRef = 0E241FB72214899500172924 /* Resource.swift */; };
		0E241FBA22148BD700172924 /* PostListResource.swift in Sources */ = {isa = PBXBuildFile; fileRef = 0E241FB922148BD700172924 /* PostListResource.swift */; };
		0E36856C2215D2B1001442DF /* PostCell.swift in Sources */ = {isa = PBXBuildFile; fileRef = 0E36856B2215D2B1001442DF /* PostCell.swift */; };
		0E52499F22295FB300D6F692 /* PostDetailsModel.swift in Sources */ = {isa = PBXBuildFile; fileRef = 0E52499E22295FB300D6F692 /* PostDetailsModel.swift */; };
		0E914A7C222D3A5A00F6EC73 /* PostListRepository.swift in Sources */ = {isa = PBXBuildFile; fileRef = 0E914A7B222D3A5A00F6EC73 /* PostListRepository.swift */; };
		0E920C342231494C0065CB14 /* CommentsRepository.swift in Sources */ = {isa = PBXBuildFile; fileRef = 0E920C332231494C0065CB14 /* CommentsRepository.swift */; };
		0E920C3622317F110065CB14 /* PostListViewModelTests.swift in Sources */ = {isa = PBXBuildFile; fileRef = 0E920C3522317F110065CB14 /* PostListViewModelTests.swift */; };
		0E920C3922317FBB0065CB14 /* PostListServiceMock.swift in Sources */ = {isa = PBXBuildFile; fileRef = 0E920C3822317FBB0065CB14 /* PostListServiceMock.swift */; };
		0EAD75CC22157ECB00AB0712 /* PostListService.swift in Sources */ = {isa = PBXBuildFile; fileRef = 0EAD75CB22157ECB00AB0712 /* PostListService.swift */; };
		0EAD75CE22157FE800AB0712 /* RequestManager.swift in Sources */ = {isa = PBXBuildFile; fileRef = 0EAD75CD22157FE800AB0712 /* RequestManager.swift */; };
		0EBB09BD221C4BF200D423A5 /* StringConstants.swift in Sources */ = {isa = PBXBuildFile; fileRef = 0EBB09BC221C4BF200D423A5 /* StringConstants.swift */; };
		0EBB09BF221C6BB900D423A5 /* LoadingViewType.swift in Sources */ = {isa = PBXBuildFile; fileRef = 0EBB09BE221C6BB900D423A5 /* LoadingViewType.swift */; };
		0EBB09C1221C763700D423A5 /* Reusable.swift in Sources */ = {isa = PBXBuildFile; fileRef = 0EBB09C0221C763700D423A5 /* Reusable.swift */; };
		0EBB09C7221C7A9D00D423A5 /* UserModel.swift in Sources */ = {isa = PBXBuildFile; fileRef = 0EBB09C6221C7A9D00D423A5 /* UserModel.swift */; };
		0EBB09C9221C7B9900D423A5 /* AddressModel.swift in Sources */ = {isa = PBXBuildFile; fileRef = 0EBB09C8221C7B9900D423A5 /* AddressModel.swift */; };
		0EBB09CB221C7BAF00D423A5 /* CompanyModel.swift in Sources */ = {isa = PBXBuildFile; fileRef = 0EBB09CA221C7BAF00D423A5 /* CompanyModel.swift */; };
		0EBB09CD221C7BE400D423A5 /* UsersResource.swift in Sources */ = {isa = PBXBuildFile; fileRef = 0EBB09CC221C7BE400D423A5 /* UsersResource.swift */; };
		0EBB09CF221C7DA300D423A5 /* UserService.swift in Sources */ = {isa = PBXBuildFile; fileRef = 0EBB09CE221C7DA300D423A5 /* UserService.swift */; };
		0EBB09D1221C7E8D00D423A5 /* TitledError.swift in Sources */ = {isa = PBXBuildFile; fileRef = 0EBB09D0221C7E8D00D423A5 /* TitledError.swift */; };
		0EBB09D3221C7F0800D423A5 /* NetworkError.swift in Sources */ = {isa = PBXBuildFile; fileRef = 0EBB09D2221C7F0800D423A5 /* NetworkError.swift */; };
		0EBB09D5221C848500D423A5 /* CommentModel.swift in Sources */ = {isa = PBXBuildFile; fileRef = 0EBB09D4221C848500D423A5 /* CommentModel.swift */; };
		0EBB09D7221C851B00D423A5 /* CommentsResource.swift in Sources */ = {isa = PBXBuildFile; fileRef = 0EBB09D6221C851B00D423A5 /* CommentsResource.swift */; };
		0EBB09D9221C859C00D423A5 /* CommentsService.swift in Sources */ = {isa = PBXBuildFile; fileRef = 0EBB09D8221C859C00D423A5 /* CommentsService.swift */; };
		0EBB09DB221C867000D423A5 /* PostDetailViewController.swift in Sources */ = {isa = PBXBuildFile; fileRef = 0EBB09DA221C867000D423A5 /* PostDetailViewController.swift */; };
		0EBB09DD221C868700D423A5 /* PostDetailViewModel.swift in Sources */ = {isa = PBXBuildFile; fileRef = 0EBB09DC221C868700D423A5 /* PostDetailViewModel.swift */; };
		0EBB09DF221C869400D423A5 /* PostDetailViewController.xib in Resources */ = {isa = PBXBuildFile; fileRef = 0EBB09DE221C869400D423A5 /* PostDetailViewController.xib */; };
		0EC3902F222FEF88001315E4 /* Repository.swift in Sources */ = {isa = PBXBuildFile; fileRef = 0EC3902E222FEF88001315E4 /* Repository.swift */; };
		0EC39031222FF019001315E4 /* UsersRepository.swift in Sources */ = {isa = PBXBuildFile; fileRef = 0EC39030222FF019001315E4 /* UsersRepository.swift */; };
		BD5D2E1650437A7C6FCCFB06 /* Pods_BabylonHealthTestTests.framework in Frameworks */ = {isa = PBXBuildFile; fileRef = 2C18A524DFAB672E36CC48DF /* Pods_BabylonHealthTestTests.framework */; };
		D0C73701F85BCB0957520AA3 /* Pods_BabylonHealthTest.framework in Frameworks */ = {isa = PBXBuildFile; fileRef = 2DE47A90245A91D7E6CB3CDD /* Pods_BabylonHealthTest.framework */; };
/* End PBXBuildFile section */

/* Begin PBXContainerItemProxy section */
		0E241F8722145E8200172924 /* PBXContainerItemProxy */ = {
			isa = PBXContainerItemProxy;
			containerPortal = 0E241F6A22145E8000172924 /* Project object */;
			proxyType = 1;
			remoteGlobalIDString = 0E241F7122145E8000172924;
			remoteInfo = BabylonHealthTest;
		};
/* End PBXContainerItemProxy section */

/* Begin PBXFileReference section */
		060840A6DE74ED3D5B8DBD7B /* Pods-BabylonHealthTest.release.xcconfig */ = {isa = PBXFileReference; includeInIndex = 1; lastKnownFileType = text.xcconfig; name = "Pods-BabylonHealthTest.release.xcconfig"; path = "Pods/Target Support Files/Pods-BabylonHealthTest/Pods-BabylonHealthTest.release.xcconfig"; sourceTree = "<group>"; };
		0E241F7222145E8000172924 /* BabylonHealthTest.app */ = {isa = PBXFileReference; explicitFileType = wrapper.application; includeInIndex = 0; path = BabylonHealthTest.app; sourceTree = BUILT_PRODUCTS_DIR; };
		0E241F7522145E8000172924 /* AppDelegate.swift */ = {isa = PBXFileReference; lastKnownFileType = sourcecode.swift; path = AppDelegate.swift; sourceTree = "<group>"; };
		0E241F7C22145E8200172924 /* Assets.xcassets */ = {isa = PBXFileReference; lastKnownFileType = folder.assetcatalog; path = Assets.xcassets; sourceTree = "<group>"; };
		0E241F7F22145E8200172924 /* Base */ = {isa = PBXFileReference; lastKnownFileType = file.storyboard; name = Base; path = Base.lproj/LaunchScreen.storyboard; sourceTree = "<group>"; };
		0E241F8122145E8200172924 /* Info.plist */ = {isa = PBXFileReference; lastKnownFileType = text.plist.xml; path = Info.plist; sourceTree = "<group>"; };
		0E241F8622145E8200172924 /* BabylonHealthTestTests.xctest */ = {isa = PBXFileReference; explicitFileType = wrapper.cfbundle; includeInIndex = 0; path = BabylonHealthTestTests.xctest; sourceTree = BUILT_PRODUCTS_DIR; };
		0E241F8C22145E8200172924 /* Info.plist */ = {isa = PBXFileReference; lastKnownFileType = text.plist.xml; path = Info.plist; sourceTree = "<group>"; };
		0E241F9722145EF000172924 /* Podfile */ = {isa = PBXFileReference; fileEncoding = 4; lastKnownFileType = text; path = Podfile; sourceTree = "<group>"; xcLanguageSpecificationIdentifier = xcode.lang.ruby; };
		0E241F9D22146C8200172924 /* Coordinator.swift */ = {isa = PBXFileReference; lastKnownFileType = sourcecode.swift; path = Coordinator.swift; sourceTree = "<group>"; };
		0E241FA2221480C700172924 /* MainCoordinator.swift */ = {isa = PBXFileReference; lastKnownFileType = sourcecode.swift; path = MainCoordinator.swift; sourceTree = "<group>"; };
		0E241FA4221481E300172924 /* PostListViewController.swift */ = {isa = PBXFileReference; lastKnownFileType = sourcecode.swift; path = PostListViewController.swift; sourceTree = "<group>"; };
		0E241FA6221481F500172924 /* PostListViewController.xib */ = {isa = PBXFileReference; lastKnownFileType = file.xib; path = PostListViewController.xib; sourceTree = "<group>"; };
		0E241FA82214840F00172924 /* PostListViewModel.swift */ = {isa = PBXFileReference; lastKnownFileType = sourcecode.swift; path = PostListViewModel.swift; sourceTree = "<group>"; };
		0E241FAA2214847E00172924 /* AsyncState.swift */ = {isa = PBXFileReference; lastKnownFileType = sourcecode.swift; path = AsyncState.swift; sourceTree = "<group>"; };
		0E241FAF221484EF00172924 /* Result.swift */ = {isa = PBXFileReference; lastKnownFileType = sourcecode.swift; path = Result.swift; sourceTree = "<group>"; };
		0E241FB3221488FE00172924 /* PostModel.swift */ = {isa = PBXFileReference; lastKnownFileType = sourcecode.swift; path = PostModel.swift; sourceTree = "<group>"; };
		0E241FB72214899500172924 /* Resource.swift */ = {isa = PBXFileReference; lastKnownFileType = sourcecode.swift; path = Resource.swift; sourceTree = "<group>"; };
		0E241FB922148BD700172924 /* PostListResource.swift */ = {isa = PBXFileReference; lastKnownFileType = sourcecode.swift; path = PostListResource.swift; sourceTree = "<group>"; };
		0E36856B2215D2B1001442DF /* PostCell.swift */ = {isa = PBXFileReference; lastKnownFileType = sourcecode.swift; path = PostCell.swift; sourceTree = "<group>"; };
		0E52499E22295FB300D6F692 /* PostDetailsModel.swift */ = {isa = PBXFileReference; lastKnownFileType = sourcecode.swift; path = PostDetailsModel.swift; sourceTree = "<group>"; };
		0E914A7B222D3A5A00F6EC73 /* PostListRepository.swift */ = {isa = PBXFileReference; lastKnownFileType = sourcecode.swift; path = PostListRepository.swift; sourceTree = "<group>"; };
		0E920C332231494C0065CB14 /* CommentsRepository.swift */ = {isa = PBXFileReference; lastKnownFileType = sourcecode.swift; path = CommentsRepository.swift; sourceTree = "<group>"; };
		0E920C3522317F110065CB14 /* PostListViewModelTests.swift */ = {isa = PBXFileReference; lastKnownFileType = sourcecode.swift; path = PostListViewModelTests.swift; sourceTree = "<group>"; };
		0E920C3822317FBB0065CB14 /* PostListServiceMock.swift */ = {isa = PBXFileReference; lastKnownFileType = sourcecode.swift; path = PostListServiceMock.swift; sourceTree = "<group>"; };
		0EAD75CB22157ECB00AB0712 /* PostListService.swift */ = {isa = PBXFileReference; lastKnownFileType = sourcecode.swift; path = PostListService.swift; sourceTree = "<group>"; };
		0EAD75CD22157FE800AB0712 /* RequestManager.swift */ = {isa = PBXFileReference; lastKnownFileType = sourcecode.swift; path = RequestManager.swift; sourceTree = "<group>"; };
		0EBB09BC221C4BF200D423A5 /* StringConstants.swift */ = {isa = PBXFileReference; lastKnownFileType = sourcecode.swift; path = StringConstants.swift; sourceTree = "<group>"; };
		0EBB09BE221C6BB900D423A5 /* LoadingViewType.swift */ = {isa = PBXFileReference; lastKnownFileType = sourcecode.swift; path = LoadingViewType.swift; sourceTree = "<group>"; };
		0EBB09C0221C763700D423A5 /* Reusable.swift */ = {isa = PBXFileReference; lastKnownFileType = sourcecode.swift; path = Reusable.swift; sourceTree = "<group>"; };
		0EBB09C6221C7A9D00D423A5 /* UserModel.swift */ = {isa = PBXFileReference; lastKnownFileType = sourcecode.swift; path = UserModel.swift; sourceTree = "<group>"; };
		0EBB09C8221C7B9900D423A5 /* AddressModel.swift */ = {isa = PBXFileReference; lastKnownFileType = sourcecode.swift; path = AddressModel.swift; sourceTree = "<group>"; };
		0EBB09CA221C7BAF00D423A5 /* CompanyModel.swift */ = {isa = PBXFileReference; lastKnownFileType = sourcecode.swift; path = CompanyModel.swift; sourceTree = "<group>"; };
		0EBB09CC221C7BE400D423A5 /* UsersResource.swift */ = {isa = PBXFileReference; lastKnownFileType = sourcecode.swift; path = UsersResource.swift; sourceTree = "<group>"; };
		0EBB09CE221C7DA300D423A5 /* UserService.swift */ = {isa = PBXFileReference; lastKnownFileType = sourcecode.swift; path = UserService.swift; sourceTree = "<group>"; };
		0EBB09D0221C7E8D00D423A5 /* TitledError.swift */ = {isa = PBXFileReference; lastKnownFileType = sourcecode.swift; path = TitledError.swift; sourceTree = "<group>"; };
		0EBB09D2221C7F0800D423A5 /* NetworkError.swift */ = {isa = PBXFileReference; lastKnownFileType = sourcecode.swift; path = NetworkError.swift; sourceTree = "<group>"; };
		0EBB09D4221C848500D423A5 /* CommentModel.swift */ = {isa = PBXFileReference; lastKnownFileType = sourcecode.swift; path = CommentModel.swift; sourceTree = "<group>"; };
		0EBB09D6221C851B00D423A5 /* CommentsResource.swift */ = {isa = PBXFileReference; lastKnownFileType = sourcecode.swift; path = CommentsResource.swift; sourceTree = "<group>"; };
		0EBB09D8221C859C00D423A5 /* CommentsService.swift */ = {isa = PBXFileReference; lastKnownFileType = sourcecode.swift; path = CommentsService.swift; sourceTree = "<group>"; };
		0EBB09DA221C867000D423A5 /* PostDetailViewController.swift */ = {isa = PBXFileReference; lastKnownFileType = sourcecode.swift; path = PostDetailViewController.swift; sourceTree = "<group>"; };
		0EBB09DC221C868700D423A5 /* PostDetailViewModel.swift */ = {isa = PBXFileReference; lastKnownFileType = sourcecode.swift; path = PostDetailViewModel.swift; sourceTree = "<group>"; };
		0EBB09DE221C869400D423A5 /* PostDetailViewController.xib */ = {isa = PBXFileReference; lastKnownFileType = file.xib; path = PostDetailViewController.xib; sourceTree = "<group>"; };
		0EC3902E222FEF88001315E4 /* Repository.swift */ = {isa = PBXFileReference; lastKnownFileType = sourcecode.swift; path = Repository.swift; sourceTree = "<group>"; };
		0EC39030222FF019001315E4 /* UsersRepository.swift */ = {isa = PBXFileReference; lastKnownFileType = sourcecode.swift; path = UsersRepository.swift; sourceTree = "<group>"; };
		1CDA749E32D7F9629019ED56 /* Pods-BabylonHealthTestTests.release.xcconfig */ = {isa = PBXFileReference; includeInIndex = 1; lastKnownFileType = text.xcconfig; name = "Pods-BabylonHealthTestTests.release.xcconfig"; path = "Pods/Target Support Files/Pods-BabylonHealthTestTests/Pods-BabylonHealthTestTests.release.xcconfig"; sourceTree = "<group>"; };
		2C18A524DFAB672E36CC48DF /* Pods_BabylonHealthTestTests.framework */ = {isa = PBXFileReference; explicitFileType = wrapper.framework; includeInIndex = 0; path = Pods_BabylonHealthTestTests.framework; sourceTree = BUILT_PRODUCTS_DIR; };
		2DE47A90245A91D7E6CB3CDD /* Pods_BabylonHealthTest.framework */ = {isa = PBXFileReference; explicitFileType = wrapper.framework; includeInIndex = 0; path = Pods_BabylonHealthTest.framework; sourceTree = BUILT_PRODUCTS_DIR; };
		CC063676F0DE7F1E6FF5F170 /* Pods-BabylonHealthTestTests.debug.xcconfig */ = {isa = PBXFileReference; includeInIndex = 1; lastKnownFileType = text.xcconfig; name = "Pods-BabylonHealthTestTests.debug.xcconfig"; path = "Pods/Target Support Files/Pods-BabylonHealthTestTests/Pods-BabylonHealthTestTests.debug.xcconfig"; sourceTree = "<group>"; };
		F97EBC36FE2C329620016405 /* Pods-BabylonHealthTest.debug.xcconfig */ = {isa = PBXFileReference; includeInIndex = 1; lastKnownFileType = text.xcconfig; name = "Pods-BabylonHealthTest.debug.xcconfig"; path = "Pods/Target Support Files/Pods-BabylonHealthTest/Pods-BabylonHealthTest.debug.xcconfig"; sourceTree = "<group>"; };
/* End PBXFileReference section */

/* Begin PBXFrameworksBuildPhase section */
		0E241F6F22145E8000172924 /* Frameworks */ = {
			isa = PBXFrameworksBuildPhase;
			buildActionMask = 2147483647;
			files = (
				D0C73701F85BCB0957520AA3 /* Pods_BabylonHealthTest.framework in Frameworks */,
			);
			runOnlyForDeploymentPostprocessing = 0;
		};
		0E241F8322145E8200172924 /* Frameworks */ = {
			isa = PBXFrameworksBuildPhase;
			buildActionMask = 2147483647;
			files = (
				BD5D2E1650437A7C6FCCFB06 /* Pods_BabylonHealthTestTests.framework in Frameworks */,
			);
			runOnlyForDeploymentPostprocessing = 0;
		};
/* End PBXFrameworksBuildPhase section */

/* Begin PBXGroup section */
		0E241F6922145E8000172924 = {
			isa = PBXGroup;
			children = (
				0E241F9722145EF000172924 /* Podfile */,
				0E241F7422145E8000172924 /* BabylonHealthTest */,
				0E241F8922145E8200172924 /* BabylonHealthTestTests */,
				0E241F7322145E8000172924 /* Products */,
				DDC48F31507853B88D2A3E78 /* Pods */,
				89057BCF60C551E3ED5631E9 /* Frameworks */,
			);
			sourceTree = "<group>";
		};
		0E241F7322145E8000172924 /* Products */ = {
			isa = PBXGroup;
			children = (
				0E241F7222145E8000172924 /* BabylonHealthTest.app */,
				0E241F8622145E8200172924 /* BabylonHealthTestTests.xctest */,
			);
			name = Products;
			sourceTree = "<group>";
		};
		0E241F7422145E8000172924 /* BabylonHealthTest */ = {
			isa = PBXGroup;
			children = (
				0E241F7522145E8000172924 /* AppDelegate.swift */,
				0EBB09BA221C175900D423A5 /* Resources */,
				0E241FAD221484D400172924 /* Model */,
				0E241F9B22146C6700172924 /* View */,
				0E241F7E22145E8200172924 /* LaunchScreen.storyboard */,
				0E241F8122145E8200172924 /* Info.plist */,
			);
			path = BabylonHealthTest;
			sourceTree = "<group>";
		};
		0E241F8922145E8200172924 /* BabylonHealthTestTests */ = {
			isa = PBXGroup;
			children = (
				0E920C3722317FAD0065CB14 /* Mocks */,
				0E241F8C22145E8200172924 /* Info.plist */,
				0E920C3522317F110065CB14 /* PostListViewModelTests.swift */,
			);
			path = BabylonHealthTestTests;
			sourceTree = "<group>";
		};
		0E241F9B22146C6700172924 /* View */ = {
			isa = PBXGroup;
			children = (
				0E241FA2221480C700172924 /* MainCoordinator.swift */,
				0EBB09C3221C783100D423A5 /* Detail */,
				0E241FA122147EBA00172924 /* List */,
				0E241F9C22146C7400172924 /* Common */,
			);
			path = View;
			sourceTree = "<group>";
		};
		0E241F9C22146C7400172924 /* Common */ = {
			isa = PBXGroup;
			children = (
				0EBB09C2221C767F00D423A5 /* Protocols */,
				0E241FAA2214847E00172924 /* AsyncState.swift */,
			);
			path = Common;
			sourceTree = "<group>";
		};
		0E241FA122147EBA00172924 /* List */ = {
			isa = PBXGroup;
			children = (
				0E241FA82214840F00172924 /* PostListViewModel.swift */,
				0E241FA4221481E300172924 /* PostListViewController.swift */,
				0E241FA6221481F500172924 /* PostListViewController.xib */,
				0E36856B2215D2B1001442DF /* PostCell.swift */,
			);
			path = List;
			sourceTree = "<group>";
		};
		0E241FAD221484D400172924 /* Model */ = {
			isa = PBXGroup;
			children = (
				0E5249A022295FD600D6F692 /* Post Details */,
				0EBB09C5221C7A8A00D423A5 /* Users */,
				0EBB09C4221C7A7800D423A5 /* Comments */,
				0E241FB52214890700172924 /* Post List */,
				0E241FAE221484E100172924 /* Common */,
			);
			path = Model;
			sourceTree = "<group>";
		};
		0E241FAE221484E100172924 /* Common */ = {
			isa = PBXGroup;
			children = (
				0E241FAF221484EF00172924 /* Result.swift */,
				0E241FB72214899500172924 /* Resource.swift */,
				0EAD75CD22157FE800AB0712 /* RequestManager.swift */,
				0EBB09D0221C7E8D00D423A5 /* TitledError.swift */,
				0EBB09D2221C7F0800D423A5 /* NetworkError.swift */,
				0EC3902E222FEF88001315E4 /* Repository.swift */,
			);
			path = Common;
			sourceTree = "<group>";
		};
		0E241FB52214890700172924 /* Post List */ = {
			isa = PBXGroup;
			children = (
				0E241FB3221488FE00172924 /* PostModel.swift */,
				0E241FB922148BD700172924 /* PostListResource.swift */,
				0EAD75CB22157ECB00AB0712 /* PostListService.swift */,
				0E914A7B222D3A5A00F6EC73 /* PostListRepository.swift */,
			);
			path = "Post List";
			sourceTree = "<group>";
		};
		0E5249A022295FD600D6F692 /* Post Details */ = {
			isa = PBXGroup;
			children = (
				0E52499E22295FB300D6F692 /* PostDetailsModel.swift */,
			);
			path = "Post Details";
			sourceTree = "<group>";
		};
		0E920C3722317FAD0065CB14 /* Mocks */ = {
			isa = PBXGroup;
			children = (
				0E920C3822317FBB0065CB14 /* PostListServiceMock.swift */,
			);
			path = Mocks;
			sourceTree = "<group>";
		};
		0EBB09BA221C175900D423A5 /* Resources */ = {
			isa = PBXGroup;
			children = (
				0E241F7C22145E8200172924 /* Assets.xcassets */,
				0EBB09BB221C176100D423A5 /* Strings */,
			);
			path = Resources;
			sourceTree = "<group>";
		};
		0EBB09BB221C176100D423A5 /* Strings */ = {
			isa = PBXGroup;
			children = (
				0EBB09BC221C4BF200D423A5 /* StringConstants.swift */,
			);
			path = Strings;
			sourceTree = "<group>";
		};
		0EBB09C2221C767F00D423A5 /* Protocols */ = {
			isa = PBXGroup;
			children = (
				0E241F9D22146C8200172924 /* Coordinator.swift */,
				0EBB09BE221C6BB900D423A5 /* LoadingViewType.swift */,
				0EBB09C0221C763700D423A5 /* Reusable.swift */,
			);
			path = Protocols;
			sourceTree = "<group>";
		};
		0EBB09C3221C783100D423A5 /* Detail */ = {
			isa = PBXGroup;
			children = (
				0EBB09DC221C868700D423A5 /* PostDetailViewModel.swift */,
				0EBB09DA221C867000D423A5 /* PostDetailViewController.swift */,
				0EBB09DE221C869400D423A5 /* PostDetailViewController.xib */,
			);
			path = Detail;
			sourceTree = "<group>";
		};
		0EBB09C4221C7A7800D423A5 /* Comments */ = {
			isa = PBXGroup;
			children = (
				0EBB09D4221C848500D423A5 /* CommentModel.swift */,
				0EBB09D6221C851B00D423A5 /* CommentsResource.swift */,
				0EBB09D8221C859C00D423A5 /* CommentsService.swift */,
				0E920C332231494C0065CB14 /* CommentsRepository.swift */,
			);
			path = Comments;
			sourceTree = "<group>";
		};
		0EBB09C5221C7A8A00D423A5 /* Users */ = {
			isa = PBXGroup;
			children = (
				0EBB09C6221C7A9D00D423A5 /* UserModel.swift */,
				0EBB09C8221C7B9900D423A5 /* AddressModel.swift */,
				0EBB09CA221C7BAF00D423A5 /* CompanyModel.swift */,
				0EBB09CC221C7BE400D423A5 /* UsersResource.swift */,
				0EBB09CE221C7DA300D423A5 /* UserService.swift */,
				0EC39030222FF019001315E4 /* UsersRepository.swift */,
			);
			path = Users;
			sourceTree = "<group>";
		};
		89057BCF60C551E3ED5631E9 /* Frameworks */ = {
			isa = PBXGroup;
			children = (
				2DE47A90245A91D7E6CB3CDD /* Pods_BabylonHealthTest.framework */,
				2C18A524DFAB672E36CC48DF /* Pods_BabylonHealthTestTests.framework */,
			);
			name = Frameworks;
			sourceTree = "<group>";
		};
		DDC48F31507853B88D2A3E78 /* Pods */ = {
			isa = PBXGroup;
			children = (
				F97EBC36FE2C329620016405 /* Pods-BabylonHealthTest.debug.xcconfig */,
				060840A6DE74ED3D5B8DBD7B /* Pods-BabylonHealthTest.release.xcconfig */,
				CC063676F0DE7F1E6FF5F170 /* Pods-BabylonHealthTestTests.debug.xcconfig */,
				1CDA749E32D7F9629019ED56 /* Pods-BabylonHealthTestTests.release.xcconfig */,
			);
			name = Pods;
			sourceTree = "<group>";
		};
/* End PBXGroup section */

/* Begin PBXNativeTarget section */
		0E241F7122145E8000172924 /* BabylonHealthTest */ = {
			isa = PBXNativeTarget;
			buildConfigurationList = 0E241F8F22145E8200172924 /* Build configuration list for PBXNativeTarget "BabylonHealthTest" */;
			buildPhases = (
				A32991C3881A531CDC60E400 /* [CP] Check Pods Manifest.lock */,
				0E241F6E22145E8000172924 /* Sources */,
				0E241F6F22145E8000172924 /* Frameworks */,
				0E241F7022145E8000172924 /* Resources */,
				D8ABC4EB5A214BFB2D7BC5BB /* [CP] Embed Pods Frameworks */,
				8DA53975C91C084D75280891 /* [CP] Copy Pods Resources */,
			);
			buildRules = (
			);
			dependencies = (
			);
			name = BabylonHealthTest;
			productName = BabylonHealthTest;
			productReference = 0E241F7222145E8000172924 /* BabylonHealthTest.app */;
			productType = "com.apple.product-type.application";
		};
		0E241F8522145E8200172924 /* BabylonHealthTestTests */ = {
			isa = PBXNativeTarget;
			buildConfigurationList = 0E241F9222145E8200172924 /* Build configuration list for PBXNativeTarget "BabylonHealthTestTests" */;
			buildPhases = (
				204EFFC867E5406611289894 /* [CP] Check Pods Manifest.lock */,
				0E241F8222145E8200172924 /* Sources */,
				0E241F8322145E8200172924 /* Frameworks */,
				0E241F8422145E8200172924 /* Resources */,
				84E78368A44D2457F2BE8429 /* [CP] Embed Pods Frameworks */,
				2DB4038C9BE5760BA67BF7CD /* [CP] Copy Pods Resources */,
			);
			buildRules = (
			);
			dependencies = (
				0E241F8822145E8200172924 /* PBXTargetDependency */,
			);
			name = BabylonHealthTestTests;
			productName = BabylonHealthTestTests;
			productReference = 0E241F8622145E8200172924 /* BabylonHealthTestTests.xctest */;
			productType = "com.apple.product-type.bundle.unit-test";
		};
/* End PBXNativeTarget section */

/* Begin PBXProject section */
		0E241F6A22145E8000172924 /* Project object */ = {
			isa = PBXProject;
			attributes = {
				LastSwiftUpdateCheck = 1010;
				LastUpgradeCheck = 1010;
				ORGANIZATIONNAME = Sketchydroide;
				TargetAttributes = {
					0E241F7122145E8000172924 = {
						CreatedOnToolsVersion = 10.1;
					};
					0E241F8522145E8200172924 = {
						CreatedOnToolsVersion = 10.1;
						TestTargetID = 0E241F7122145E8000172924;
					};
				};
			};
			buildConfigurationList = 0E241F6D22145E8000172924 /* Build configuration list for PBXProject "BabylonHealthTest" */;
			compatibilityVersion = "Xcode 9.3";
			developmentRegion = en;
			hasScannedForEncodings = 0;
			knownRegions = (
				en,
				Base,
			);
			mainGroup = 0E241F6922145E8000172924;
			productRefGroup = 0E241F7322145E8000172924 /* Products */;
			projectDirPath = "";
			projectRoot = "";
			targets = (
				0E241F7122145E8000172924 /* BabylonHealthTest */,
				0E241F8522145E8200172924 /* BabylonHealthTestTests */,
			);
		};
/* End PBXProject section */

/* Begin PBXResourcesBuildPhase section */
		0E241F7022145E8000172924 /* Resources */ = {
			isa = PBXResourcesBuildPhase;
			buildActionMask = 2147483647;
			files = (
				0E241F9822145EF000172924 /* Podfile in Resources */,
				0E241F8022145E8200172924 /* LaunchScreen.storyboard in Resources */,
				0EBB09DF221C869400D423A5 /* PostDetailViewController.xib in Resources */,
				0E241FA7221481F500172924 /* PostListViewController.xib in Resources */,
				0E241F7D22145E8200172924 /* Assets.xcassets in Resources */,
			);
			runOnlyForDeploymentPostprocessing = 0;
		};
		0E241F8422145E8200172924 /* Resources */ = {
			isa = PBXResourcesBuildPhase;
			buildActionMask = 2147483647;
			files = (
			);
			runOnlyForDeploymentPostprocessing = 0;
		};
/* End PBXResourcesBuildPhase section */

/* Begin PBXShellScriptBuildPhase section */
		204EFFC867E5406611289894 /* [CP] Check Pods Manifest.lock */ = {
			isa = PBXShellScriptBuildPhase;
			buildActionMask = 2147483647;
			files = (
			);
			inputFileListPaths = (
			);
			inputPaths = (
				"${PODS_PODFILE_DIR_PATH}/Podfile.lock",
				"${PODS_ROOT}/Manifest.lock",
			);
			name = "[CP] Check Pods Manifest.lock";
			outputFileListPaths = (
			);
			outputPaths = (
				"$(DERIVED_FILE_DIR)/Pods-BabylonHealthTestTests-checkManifestLockResult.txt",
			);
			runOnlyForDeploymentPostprocessing = 0;
			shellPath = /bin/sh;
			shellScript = "diff \"${PODS_PODFILE_DIR_PATH}/Podfile.lock\" \"${PODS_ROOT}/Manifest.lock\" > /dev/null\nif [ $? != 0 ] ; then\n    # print error to STDERR\n    echo \"error: The sandbox is not in sync with the Podfile.lock. Run 'pod install' or update your CocoaPods installation.\" >&2\n    exit 1\nfi\n# This output is used by Xcode 'outputs' to avoid re-running this script phase.\necho \"SUCCESS\" > \"${SCRIPT_OUTPUT_FILE_0}\"\n";
			showEnvVarsInLog = 0;
		};
		2DB4038C9BE5760BA67BF7CD /* [CP] Copy Pods Resources */ = {
			isa = PBXShellScriptBuildPhase;
			buildActionMask = 2147483647;
			files = (
			);
			inputFileListPaths = (
			);
			inputPaths = (
			);
			name = "[CP] Copy Pods Resources";
			outputFileListPaths = (
			);
			outputPaths = (
			);
			runOnlyForDeploymentPostprocessing = 0;
			shellPath = /bin/sh;
			shellScript = "\"${SRCROOT}/Pods/Target Support Files/Pods-BabylonHealthTestTests/Pods-BabylonHealthTestTests-resources.sh\"\n";
			showEnvVarsInLog = 0;
		};
		84E78368A44D2457F2BE8429 /* [CP] Embed Pods Frameworks */ = {
			isa = PBXShellScriptBuildPhase;
			buildActionMask = 2147483647;
			files = (
			);
			inputFileListPaths = (
			);
			inputPaths = (
				"${SRCROOT}/Pods/Target Support Files/Pods-BabylonHealthTestTests/Pods-BabylonHealthTestTests-frameworks.sh",
				"${BUILT_PRODUCTS_DIR}/RxAtomic/RxAtomic.framework",
				"${BUILT_PRODUCTS_DIR}/RxSwift/RxSwift.framework",
			);
			name = "[CP] Embed Pods Frameworks";
			outputFileListPaths = (
			);
			outputPaths = (
				"${TARGET_BUILD_DIR}/${FRAMEWORKS_FOLDER_PATH}/RxAtomic.framework",
				"${TARGET_BUILD_DIR}/${FRAMEWORKS_FOLDER_PATH}/RxSwift.framework",
			);
			runOnlyForDeploymentPostprocessing = 0;
			shellPath = /bin/sh;
			shellScript = "\"${SRCROOT}/Pods/Target Support Files/Pods-BabylonHealthTestTests/Pods-BabylonHealthTestTests-frameworks.sh\"\n";
			showEnvVarsInLog = 0;
		};
		8DA53975C91C084D75280891 /* [CP] Copy Pods Resources */ = {
			isa = PBXShellScriptBuildPhase;
			buildActionMask = 2147483647;
			files = (
			);
			inputFileListPaths = (
			);
			inputPaths = (
			);
			name = "[CP] Copy Pods Resources";
			outputFileListPaths = (
			);
			outputPaths = (
			);
			runOnlyForDeploymentPostprocessing = 0;
			shellPath = /bin/sh;
			shellScript = "\"${SRCROOT}/Pods/Target Support Files/Pods-BabylonHealthTest/Pods-BabylonHealthTest-resources.sh\"\n";
			showEnvVarsInLog = 0;
		};
		A32991C3881A531CDC60E400 /* [CP] Check Pods Manifest.lock */ = {
			isa = PBXShellScriptBuildPhase;
			buildActionMask = 2147483647;
			files = (
			);
			inputFileListPaths = (
			);
			inputPaths = (
				"${PODS_PODFILE_DIR_PATH}/Podfile.lock",
				"${PODS_ROOT}/Manifest.lock",
			);
			name = "[CP] Check Pods Manifest.lock";
			outputFileListPaths = (
			);
			outputPaths = (
				"$(DERIVED_FILE_DIR)/Pods-BabylonHealthTest-checkManifestLockResult.txt",
			);
			runOnlyForDeploymentPostprocessing = 0;
			shellPath = /bin/sh;
			shellScript = "diff \"${PODS_PODFILE_DIR_PATH}/Podfile.lock\" \"${PODS_ROOT}/Manifest.lock\" > /dev/null\nif [ $? != 0 ] ; then\n    # print error to STDERR\n    echo \"error: The sandbox is not in sync with the Podfile.lock. Run 'pod install' or update your CocoaPods installation.\" >&2\n    exit 1\nfi\n# This output is used by Xcode 'outputs' to avoid re-running this script phase.\necho \"SUCCESS\" > \"${SCRIPT_OUTPUT_FILE_0}\"\n";
			showEnvVarsInLog = 0;
		};
		D8ABC4EB5A214BFB2D7BC5BB /* [CP] Embed Pods Frameworks */ = {
			isa = PBXShellScriptBuildPhase;
			buildActionMask = 2147483647;
			files = (
			);
			inputFileListPaths = (
			);
			inputPaths = (
				"${SRCROOT}/Pods/Target Support Files/Pods-BabylonHealthTest/Pods-BabylonHealthTest-frameworks.sh",
				"${BUILT_PRODUCTS_DIR}/Alamofire/Alamofire.framework",
				"${BUILT_PRODUCTS_DIR}/RxAtomic/RxAtomic.framework",
				"${BUILT_PRODUCTS_DIR}/RxSwift/RxSwift.framework",
			);
			name = "[CP] Embed Pods Frameworks";
			outputFileListPaths = (
			);
			outputPaths = (
				"${TARGET_BUILD_DIR}/${FRAMEWORKS_FOLDER_PATH}/Alamofire.framework",
				"${TARGET_BUILD_DIR}/${FRAMEWORKS_FOLDER_PATH}/RxAtomic.framework",
				"${TARGET_BUILD_DIR}/${FRAMEWORKS_FOLDER_PATH}/RxSwift.framework",
			);
			runOnlyForDeploymentPostprocessing = 0;
			shellPath = /bin/sh;
			shellScript = "\"${SRCROOT}/Pods/Target Support Files/Pods-BabylonHealthTest/Pods-BabylonHealthTest-frameworks.sh\"\n";
			showEnvVarsInLog = 0;
		};
/* End PBXShellScriptBuildPhase section */

/* Begin PBXSourcesBuildPhase section */
		0E241F6E22145E8000172924 /* Sources */ = {
			isa = PBXSourcesBuildPhase;
			buildActionMask = 2147483647;
			files = (
				0EC3902F222FEF88001315E4 /* Repository.swift in Sources */,
				0E920C342231494C0065CB14 /* CommentsRepository.swift in Sources */,
				0E52499F22295FB300D6F692 /* PostDetailsModel.swift in Sources */,
				0EC39031222FF019001315E4 /* UsersRepository.swift in Sources */,
				0EBB09BF221C6BB900D423A5 /* LoadingViewType.swift in Sources */,
				0EBB09D5221C848500D423A5 /* CommentModel.swift in Sources */,
				0E241FBA22148BD700172924 /* PostListResource.swift in Sources */,
				0EBB09D3221C7F0800D423A5 /* NetworkError.swift in Sources */,
				0E241FB4221488FE00172924 /* PostModel.swift in Sources */,
				0E36856C2215D2B1001442DF /* PostCell.swift in Sources */,
				0E914A7C222D3A5A00F6EC73 /* PostListRepository.swift in Sources */,
				0EBB09D1221C7E8D00D423A5 /* TitledError.swift in Sources */,
				0EBB09D9221C859C00D423A5 /* CommentsService.swift in Sources */,
				0EBB09D7221C851B00D423A5 /* CommentsResource.swift in Sources */,
				0EAD75CE22157FE800AB0712 /* RequestManager.swift in Sources */,
				0EBB09CB221C7BAF00D423A5 /* CompanyModel.swift in Sources */,
				0EBB09BD221C4BF200D423A5 /* StringConstants.swift in Sources */,
				0E241FAB2214847E00172924 /* AsyncState.swift in Sources */,
				0EBB09DD221C868700D423A5 /* PostDetailViewModel.swift in Sources */,
				0EBB09DB221C867000D423A5 /* PostDetailViewController.swift in Sources */,
				0EBB09CD221C7BE400D423A5 /* UsersResource.swift in Sources */,
				0EAD75CC22157ECB00AB0712 /* PostListService.swift in Sources */,
				0EBB09C7221C7A9D00D423A5 /* UserModel.swift in Sources */,
				0E241FA3221480C700172924 /* MainCoordinator.swift in Sources */,
				0E241FB82214899500172924 /* Resource.swift in Sources */,
				0E241FA92214840F00172924 /* PostListViewModel.swift in Sources */,
				0EBB09CF221C7DA300D423A5 /* UserService.swift in Sources */,
				0E241F7622145E8000172924 /* AppDelegate.swift in Sources */,
				0EBB09C1221C763700D423A5 /* Reusable.swift in Sources */,
				0EBB09C9221C7B9900D423A5 /* AddressModel.swift in Sources */,
				0E241FA5221481E300172924 /* PostListViewController.swift in Sources */,
				0E241FB0221484EF00172924 /* Result.swift in Sources */,
				0E241F9E22146C8200172924 /* Coordinator.swift in Sources */,
			);
			runOnlyForDeploymentPostprocessing = 0;
		};
		0E241F8222145E8200172924 /* Sources */ = {
			isa = PBXSourcesBuildPhase;
			buildActionMask = 2147483647;
			files = (
				0E920C3622317F110065CB14 /* PostListViewModelTests.swift in Sources */,
				0E920C3922317FBB0065CB14 /* PostListServiceMock.swift in Sources */,
			);
			runOnlyForDeploymentPostprocessing = 0;
		};
/* End PBXSourcesBuildPhase section */

/* Begin PBXTargetDependency section */
		0E241F8822145E8200172924 /* PBXTargetDependency */ = {
			isa = PBXTargetDependency;
			target = 0E241F7122145E8000172924 /* BabylonHealthTest */;
			targetProxy = 0E241F8722145E8200172924 /* PBXContainerItemProxy */;
		};
/* End PBXTargetDependency section */

/* Begin PBXVariantGroup section */
		0E241F7E22145E8200172924 /* LaunchScreen.storyboard */ = {
			isa = PBXVariantGroup;
			children = (
				0E241F7F22145E8200172924 /* Base */,
			);
			name = LaunchScreen.storyboard;
			sourceTree = "<group>";
		};
/* End PBXVariantGroup section */

/* Begin XCBuildConfiguration section */
		0E241F8D22145E8200172924 /* Debug */ = {
			isa = XCBuildConfiguration;
			buildSettings = {
				ALWAYS_SEARCH_USER_PATHS = NO;
				CLANG_ANALYZER_NONNULL = YES;
				CLANG_ANALYZER_NUMBER_OBJECT_CONVERSION = YES_AGGRESSIVE;
				CLANG_CXX_LANGUAGE_STANDARD = "gnu++14";
				CLANG_CXX_LIBRARY = "libc++";
				CLANG_ENABLE_MODULES = YES;
				CLANG_ENABLE_OBJC_ARC = YES;
				CLANG_ENABLE_OBJC_WEAK = YES;
				CLANG_WARN_BLOCK_CAPTURE_AUTORELEASING = YES;
				CLANG_WARN_BOOL_CONVERSION = YES;
				CLANG_WARN_COMMA = YES;
				CLANG_WARN_CONSTANT_CONVERSION = YES;
				CLANG_WARN_DEPRECATED_OBJC_IMPLEMENTATIONS = YES;
				CLANG_WARN_DIRECT_OBJC_ISA_USAGE = YES_ERROR;
				CLANG_WARN_DOCUMENTATION_COMMENTS = YES;
				CLANG_WARN_EMPTY_BODY = YES;
				CLANG_WARN_ENUM_CONVERSION = YES;
				CLANG_WARN_INFINITE_RECURSION = YES;
				CLANG_WARN_INT_CONVERSION = YES;
				CLANG_WARN_NON_LITERAL_NULL_CONVERSION = YES;
				CLANG_WARN_OBJC_IMPLICIT_RETAIN_SELF = YES;
				CLANG_WARN_OBJC_LITERAL_CONVERSION = YES;
				CLANG_WARN_OBJC_ROOT_CLASS = YES_ERROR;
				CLANG_WARN_RANGE_LOOP_ANALYSIS = YES;
				CLANG_WARN_STRICT_PROTOTYPES = YES;
				CLANG_WARN_SUSPICIOUS_MOVE = YES;
				CLANG_WARN_UNGUARDED_AVAILABILITY = YES_AGGRESSIVE;
				CLANG_WARN_UNREACHABLE_CODE = YES;
				CLANG_WARN__DUPLICATE_METHOD_MATCH = YES;
				CODE_SIGN_IDENTITY = "iPhone Developer";
				COPY_PHASE_STRIP = NO;
				DEBUG_INFORMATION_FORMAT = dwarf;
				ENABLE_STRICT_OBJC_MSGSEND = YES;
				ENABLE_TESTABILITY = YES;
				GCC_C_LANGUAGE_STANDARD = gnu11;
				GCC_DYNAMIC_NO_PIC = NO;
				GCC_NO_COMMON_BLOCKS = YES;
				GCC_OPTIMIZATION_LEVEL = 0;
				GCC_PREPROCESSOR_DEFINITIONS = (
					"DEBUG=1",
					"$(inherited)",
				);
				GCC_WARN_64_TO_32_BIT_CONVERSION = YES;
				GCC_WARN_ABOUT_RETURN_TYPE = YES_ERROR;
				GCC_WARN_UNDECLARED_SELECTOR = YES;
				GCC_WARN_UNINITIALIZED_AUTOS = YES_AGGRESSIVE;
				GCC_WARN_UNUSED_FUNCTION = YES;
				GCC_WARN_UNUSED_VARIABLE = YES;
				IPHONEOS_DEPLOYMENT_TARGET = 12.1;
				MTL_ENABLE_DEBUG_INFO = INCLUDE_SOURCE;
				MTL_FAST_MATH = YES;
				ONLY_ACTIVE_ARCH = YES;
				SDKROOT = iphoneos;
				SWIFT_ACTIVE_COMPILATION_CONDITIONS = DEBUG;
				SWIFT_OPTIMIZATION_LEVEL = "-Onone";
			};
			name = Debug;
		};
		0E241F8E22145E8200172924 /* Release */ = {
			isa = XCBuildConfiguration;
			buildSettings = {
				ALWAYS_SEARCH_USER_PATHS = NO;
				CLANG_ANALYZER_NONNULL = YES;
				CLANG_ANALYZER_NUMBER_OBJECT_CONVERSION = YES_AGGRESSIVE;
				CLANG_CXX_LANGUAGE_STANDARD = "gnu++14";
				CLANG_CXX_LIBRARY = "libc++";
				CLANG_ENABLE_MODULES = YES;
				CLANG_ENABLE_OBJC_ARC = YES;
				CLANG_ENABLE_OBJC_WEAK = YES;
				CLANG_WARN_BLOCK_CAPTURE_AUTORELEASING = YES;
				CLANG_WARN_BOOL_CONVERSION = YES;
				CLANG_WARN_COMMA = YES;
				CLANG_WARN_CONSTANT_CONVERSION = YES;
				CLANG_WARN_DEPRECATED_OBJC_IMPLEMENTATIONS = YES;
				CLANG_WARN_DIRECT_OBJC_ISA_USAGE = YES_ERROR;
				CLANG_WARN_DOCUMENTATION_COMMENTS = YES;
				CLANG_WARN_EMPTY_BODY = YES;
				CLANG_WARN_ENUM_CONVERSION = YES;
				CLANG_WARN_INFINITE_RECURSION = YES;
				CLANG_WARN_INT_CONVERSION = YES;
				CLANG_WARN_NON_LITERAL_NULL_CONVERSION = YES;
				CLANG_WARN_OBJC_IMPLICIT_RETAIN_SELF = YES;
				CLANG_WARN_OBJC_LITERAL_CONVERSION = YES;
				CLANG_WARN_OBJC_ROOT_CLASS = YES_ERROR;
				CLANG_WARN_RANGE_LOOP_ANALYSIS = YES;
				CLANG_WARN_STRICT_PROTOTYPES = YES;
				CLANG_WARN_SUSPICIOUS_MOVE = YES;
				CLANG_WARN_UNGUARDED_AVAILABILITY = YES_AGGRESSIVE;
				CLANG_WARN_UNREACHABLE_CODE = YES;
				CLANG_WARN__DUPLICATE_METHOD_MATCH = YES;
				CODE_SIGN_IDENTITY = "iPhone Developer";
				COPY_PHASE_STRIP = NO;
				DEBUG_INFORMATION_FORMAT = "dwarf-with-dsym";
				ENABLE_NS_ASSERTIONS = NO;
				ENABLE_STRICT_OBJC_MSGSEND = YES;
				GCC_C_LANGUAGE_STANDARD = gnu11;
				GCC_NO_COMMON_BLOCKS = YES;
				GCC_WARN_64_TO_32_BIT_CONVERSION = YES;
				GCC_WARN_ABOUT_RETURN_TYPE = YES_ERROR;
				GCC_WARN_UNDECLARED_SELECTOR = YES;
				GCC_WARN_UNINITIALIZED_AUTOS = YES_AGGRESSIVE;
				GCC_WARN_UNUSED_FUNCTION = YES;
				GCC_WARN_UNUSED_VARIABLE = YES;
				IPHONEOS_DEPLOYMENT_TARGET = 12.1;
				MTL_ENABLE_DEBUG_INFO = NO;
				MTL_FAST_MATH = YES;
				SDKROOT = iphoneos;
				SWIFT_COMPILATION_MODE = wholemodule;
				SWIFT_OPTIMIZATION_LEVEL = "-O";
				VALIDATE_PRODUCT = YES;
			};
			name = Release;
		};
		0E241F9022145E8200172924 /* Debug */ = {
			isa = XCBuildConfiguration;
			baseConfigurationReference = F97EBC36FE2C329620016405 /* Pods-BabylonHealthTest.debug.xcconfig */;
			buildSettings = {
				ASSETCATALOG_COMPILER_APPICON_NAME = AppIcon;
				CODE_SIGN_STYLE = Automatic;
				INFOPLIST_FILE = BabylonHealthTest/Info.plist;
				LD_RUNPATH_SEARCH_PATHS = (
					"$(inherited)",
					"@executable_path/Frameworks",
				);
				PRODUCT_BUNDLE_IDENTIFIER = sketchydroide.BabylonHealthTest;
				PRODUCT_NAME = "$(TARGET_NAME)";
				SWIFT_VERSION = 4.2;
				TARGETED_DEVICE_FAMILY = "1,2";
			};
			name = Debug;
		};
		0E241F9122145E8200172924 /* Release */ = {
			isa = XCBuildConfiguration;
			baseConfigurationReference = 060840A6DE74ED3D5B8DBD7B /* Pods-BabylonHealthTest.release.xcconfig */;
			buildSettings = {
				ASSETCATALOG_COMPILER_APPICON_NAME = AppIcon;
				CODE_SIGN_STYLE = Automatic;
				INFOPLIST_FILE = BabylonHealthTest/Info.plist;
				LD_RUNPATH_SEARCH_PATHS = (
					"$(inherited)",
					"@executable_path/Frameworks",
				);
				PRODUCT_BUNDLE_IDENTIFIER = sketchydroide.BabylonHealthTest;
				PRODUCT_NAME = "$(TARGET_NAME)";
				SWIFT_VERSION = 4.2;
				TARGETED_DEVICE_FAMILY = "1,2";
			};
			name = Release;
		};
		0E241F9322145E8200172924 /* Debug */ = {
			isa = XCBuildConfiguration;
			baseConfigurationReference = CC063676F0DE7F1E6FF5F170 /* Pods-BabylonHealthTestTests.debug.xcconfig */;
			buildSettings = {
				BUNDLE_LOADER = "$(TEST_HOST)";
				CODE_SIGN_STYLE = Automatic;
				INFOPLIST_FILE = BabylonHealthTestTests/Info.plist;
				LD_RUNPATH_SEARCH_PATHS = (
					"$(inherited)",
					"@executable_path/Frameworks",
					"@loader_path/Frameworks",
				);
				PRODUCT_BUNDLE_IDENTIFIER = sketchydroide.BabylonHealthTestTests;
				PRODUCT_NAME = "$(TARGET_NAME)";
				SWIFT_VERSION = 4.2;
				TARGETED_DEVICE_FAMILY = "1,2";
				TEST_HOST = "$(BUILT_PRODUCTS_DIR)/BabylonHealthTest.app/BabylonHealthTest";
			};
			name = Debug;
		};
		0E241F9422145E8200172924 /* Release */ = {
			isa = XCBuildConfiguration;
			baseConfigurationReference = 1CDA749E32D7F9629019ED56 /* Pods-BabylonHealthTestTests.release.xcconfig */;
			buildSettings = {
				BUNDLE_LOADER = "$(TEST_HOST)";
				CODE_SIGN_STYLE = Automatic;
				INFOPLIST_FILE = BabylonHealthTestTests/Info.plist;
				LD_RUNPATH_SEARCH_PATHS = (
					"$(inherited)",
					"@executable_path/Frameworks",
					"@loader_path/Frameworks",
				);
				PRODUCT_BUNDLE_IDENTIFIER = sketchydroide.BabylonHealthTestTests;
				PRODUCT_NAME = "$(TARGET_NAME)";
				SWIFT_VERSION = 4.2;
				TARGETED_DEVICE_FAMILY = "1,2";
				TEST_HOST = "$(BUILT_PRODUCTS_DIR)/BabylonHealthTest.app/BabylonHealthTest";
			};
			name = Release;
		};
/* End XCBuildConfiguration section */

/* Begin XCConfigurationList section */
		0E241F6D22145E8000172924 /* Build configuration list for PBXProject "BabylonHealthTest" */ = {
			isa = XCConfigurationList;
			buildConfigurations = (
				0E241F8D22145E8200172924 /* Debug */,
				0E241F8E22145E8200172924 /* Release */,
			);
			defaultConfigurationIsVisible = 0;
			defaultConfigurationName = Release;
		};
		0E241F8F22145E8200172924 /* Build configuration list for PBXNativeTarget "BabylonHealthTest" */ = {
			isa = XCConfigurationList;
			buildConfigurations = (
				0E241F9022145E8200172924 /* Debug */,
				0E241F9122145E8200172924 /* Release */,
			);
			defaultConfigurationIsVisible = 0;
			defaultConfigurationName = Release;
		};
		0E241F9222145E8200172924 /* Build configuration list for PBXNativeTarget "BabylonHealthTestTests" */ = {
			isa = XCConfigurationList;
			buildConfigurations = (
				0E241F9322145E8200172924 /* Debug */,
				0E241F9422145E8200172924 /* Release */,
			);
			defaultConfigurationIsVisible = 0;
			defaultConfigurationName = Release;
		};
/* End XCConfigurationList section */
	};
	rootObject = 0E241F6A22145E8000172924 /* Project object */;
}
